
Microsoft Visual Studio Solution File, Format Version 12.00
# Visual Studio Version 16
VisualStudioVersion = 16.0.29424.173
MinimumVisualStudioVersion = 10.0.40219.1
Project("{FAE04EC0-301F-11D3-BF4B-00C04F79EFBC}") = "ChatTest", "ChatTest.csproj", "{9FBFC767-8579-4C9C-8A20-A6434CA723AF}"
EndProject
Global
	GlobalSection(SolutionConfigurationPlatforms) = preSolution
		Debug|Any CPU = Debug|Any CPU
		Release|Any CPU = Release|Any CPU
	EndGlobalSection
	GlobalSection(ProjectConfigurationPlatforms) = postSolution
		{9FBFC767-8579-4C9C-8A20-A6434CA723AF}.Debug|Any CPU.ActiveCfg = Debug|Any CPU
		{9FBFC767-8579-4C9C-8A20-A6434CA723AF}.Debug|Any CPU.Build.0 = Debug|Any CPU
		{9FBFC767-8579-4C9C-8A20-A6434CA723AF}.Release|Any CPU.ActiveCfg = Release|Any CPU
		{9FBFC767-8579-4C9C-8A20-A6434CA723AF}.Release|Any CPU.Build.0 = Release|Any CPU
	EndGlobalSection
	GlobalSection(SolutionProperties) = preSolution
		HideSolutionNode = FALSE
	EndGlobalSection
	GlobalSection(ExtensibilityGlobals) = postSolution
		SolutionGuid = {6F9D648E-B37B-4FD2-BDF6-89F6B8C6BD92}
	EndGlobalSection
EndGlobal
